
Microsoft Visual Studio Solution File, Format Version 12.00
# Visual Studio 15
VisualStudioVersion = 15.0.28010.2048
MinimumVisualStudioVersion = 10.0.40219.1
Project("{FAE04EC0-301F-11D3-BF4B-00C04F79EFBC}") = "MVCTest", "MVCTest\MVCTest.csproj", "{4380E7F7-CB81-451A-9825-91B15B46E236}"
EndProject
Project("{FAE04EC0-301F-11D3-BF4B-00C04F79EFBC}") = "MVCTest.Data", "MVCTest.Data\MVCTest.Data.csproj", "{2EC7A3DF-368F-40AB-9169-E2B02492B4FA}"
EndProject
Project("{FAE04EC0-301F-11D3-BF4B-00C04F79EFBC}") = "MVCTest.Entities", "MVCTest.Entities\MVCTest.Entities.csproj", "{CFA36655-C1B2-4110-A3B5-67EC2E729573}"
EndProject
Project("{FAE04EC0-301F-11D3-BF4B-00C04F79EFBC}") = "MVCTest.Logic", "MVCTest.Logic\MVCTest.Logic.csproj", "{D8EC7856-07B8-4659-8B81-E0A03F1CAC2E}"
EndProject
Project("{FAE04EC0-301F-11D3-BF4B-00C04F79EFBC}") = "MVCTest.ViewHandler", "MVCTest.ViewHandler\MVCTest.ViewHandler.csproj", "{4985A9EB-64C3-4CFB-9FD5-81D34C5C8F2A}"
EndProject
Global
	GlobalSection(SolutionConfigurationPlatforms) = preSolution
		Debug|Any CPU = Debug|Any CPU
		Release|Any CPU = Release|Any CPU
	EndGlobalSection
	GlobalSection(ProjectConfigurationPlatforms) = postSolution
		{4380E7F7-CB81-451A-9825-91B15B46E236}.Debug|Any CPU.ActiveCfg = Debug|Any CPU
		{4380E7F7-CB81-451A-9825-91B15B46E236}.Debug|Any CPU.Build.0 = Debug|Any CPU
		{4380E7F7-CB81-451A-9825-91B15B46E236}.Release|Any CPU.ActiveCfg = Release|Any CPU
		{4380E7F7-CB81-451A-9825-91B15B46E236}.Release|Any CPU.Build.0 = Release|Any CPU
		{2EC7A3DF-368F-40AB-9169-E2B02492B4FA}.Debug|Any CPU.ActiveCfg = Debug|Any CPU
		{2EC7A3DF-368F-40AB-9169-E2B02492B4FA}.Debug|Any CPU.Build.0 = Debug|Any CPU
		{2EC7A3DF-368F-40AB-9169-E2B02492B4FA}.Release|Any CPU.ActiveCfg = Release|Any CPU
		{2EC7A3DF-368F-40AB-9169-E2B02492B4FA}.Release|Any CPU.Build.0 = Release|Any CPU
		{CFA36655-C1B2-4110-A3B5-67EC2E729573}.Debug|Any CPU.ActiveCfg = Debug|Any CPU
		{CFA36655-C1B2-4110-A3B5-67EC2E729573}.Debug|Any CPU.Build.0 = Debug|Any CPU
		{CFA36655-C1B2-4110-A3B5-67EC2E729573}.Release|Any CPU.ActiveCfg = Release|Any CPU
		{CFA36655-C1B2-4110-A3B5-67EC2E729573}.Release|Any CPU.Build.0 = Release|Any CPU
		{D8EC7856-07B8-4659-8B81-E0A03F1CAC2E}.Debug|Any CPU.ActiveCfg = Debug|Any CPU
		{D8EC7856-07B8-4659-8B81-E0A03F1CAC2E}.Debug|Any CPU.Build.0 = Debug|Any CPU
		{D8EC7856-07B8-4659-8B81-E0A03F1CAC2E}.Release|Any CPU.ActiveCfg = Release|Any CPU
		{D8EC7856-07B8-4659-8B81-E0A03F1CAC2E}.Release|Any CPU.Build.0 = Release|Any CPU
		{4985A9EB-64C3-4CFB-9FD5-81D34C5C8F2A}.Debug|Any CPU.ActiveCfg = Debug|Any CPU
		{4985A9EB-64C3-4CFB-9FD5-81D34C5C8F2A}.Debug|Any CPU.Build.0 = Debug|Any CPU
		{4985A9EB-64C3-4CFB-9FD5-81D34C5C8F2A}.Release|Any CPU.ActiveCfg = Release|Any CPU
		{4985A9EB-64C3-4CFB-9FD5-81D34C5C8F2A}.Release|Any CPU.Build.0 = Release|Any CPU
	EndGlobalSection
	GlobalSection(SolutionProperties) = preSolution
		HideSolutionNode = FALSE
	EndGlobalSection
	GlobalSection(ExtensibilityGlobals) = postSolution
		SolutionGuid = {2C4605C9-77C3-443B-A450-E5E369B8A819}
	EndGlobalSection
EndGlobal
